// !$*UTF8*$!
{
	archiveVersion = 1;
	classes = {
	};
	objectVersion = 55;
	objects = {

/* Begin PBXBuildFile section */
		C862598128748B7600C61489 /* ExpensesTrackerApp.swift in Sources */ = {isa = PBXBuildFile; fileRef = C862598028748B7600C61489 /* ExpensesTrackerApp.swift */; };
		C862598328748B7600C61489 /* ContentView.swift in Sources */ = {isa = PBXBuildFile; fileRef = C862598228748B7600C61489 /* ContentView.swift */; };
		C862598528748B7900C61489 /* Assets.xcassets in Resources */ = {isa = PBXBuildFile; fileRef = C862598428748B7900C61489 /* Assets.xcassets */; };
		C862598828748B7900C61489 /* Preview Assets.xcassets in Resources */ = {isa = PBXBuildFile; fileRef = C862598728748B7900C61489 /* Preview Assets.xcassets */; };
		C862599228748B7900C61489 /* ExpensesTrackerTests.swift in Sources */ = {isa = PBXBuildFile; fileRef = C862599128748B7900C61489 /* ExpensesTrackerTests.swift */; };
		C862599C28748B7900C61489 /* ExpensesTrackerUITests.swift in Sources */ = {isa = PBXBuildFile; fileRef = C862599B28748B7900C61489 /* ExpensesTrackerUITests.swift */; };
		C862599E28748B7900C61489 /* ExpensesTrackerUITestsLaunchTests.swift in Sources */ = {isa = PBXBuildFile; fileRef = C862599D28748B7900C61489 /* ExpensesTrackerUITestsLaunchTests.swift */; };
		C86259AB28748E9100C61489 /* Extensions.swift in Sources */ = {isa = PBXBuildFile; fileRef = C86259AA28748E9100C61489 /* Extensions.swift */; };
		C86259AD2874923A00C61489 /* TransactionModel.swift in Sources */ = {isa = PBXBuildFile; fileRef = C86259AC2874923A00C61489 /* TransactionModel.swift */; };
		C86259AF2874930000C61489 /* PreviewData.swift in Sources */ = {isa = PBXBuildFile; fileRef = C86259AE2874930000C61489 /* PreviewData.swift */; };
		C86259B1287493D000C61489 /* TransactionRow.swift in Sources */ = {isa = PBXBuildFile; fileRef = C86259B0287493D000C61489 /* TransactionRow.swift */; };
		C86259B42875324000C61489 /* SwiftUIFontIcon in Frameworks */ = {isa = PBXBuildFile; productRef = C86259B32875324000C61489 /* SwiftUIFontIcon */; };
		C86259B62875339800C61489 /* TransactionListViewModel.swift in Sources */ = {isa = PBXBuildFile; fileRef = C86259B52875339800C61489 /* TransactionListViewModel.swift */; };
		C86259B8287537F800C61489 /* DummyData.json in Resources */ = {isa = PBXBuildFile; fileRef = C86259B7287537F800C61489 /* DummyData.json */; };
		C86259BC287576E200C61489 /* RecentTransactionList.swift in Sources */ = {isa = PBXBuildFile; fileRef = C86259BB287576E200C61489 /* RecentTransactionList.swift */; };
		C8E9FD0F28758CB6002B4559 /* TransactionList.swift in Sources */ = {isa = PBXBuildFile; fileRef = C8E9FD0E28758CB6002B4559 /* TransactionList.swift */; };
		C8E9FD12287591EB002B4559 /* Collections in Frameworks */ = {isa = PBXBuildFile; productRef = C8E9FD11287591EB002B4559 /* Collections */; };
		C8E9FD15287592E4002B4559 /* SwiftUICharts in Frameworks */ = {isa = PBXBuildFile; productRef = C8E9FD14287592E4002B4559 /* SwiftUICharts */; };
/* End PBXBuildFile section */

/* Begin PBXContainerItemProxy section */
		C862598E28748B7900C61489 /* PBXContainerItemProxy */ = {
			isa = PBXContainerItemProxy;
			containerPortal = C862597528748B7500C61489 /* Project object */;
			proxyType = 1;
			remoteGlobalIDString = C862597C28748B7500C61489;
			remoteInfo = ExpensesTracker;
		};
		C862599828748B7900C61489 /* PBXContainerItemProxy */ = {
			isa = PBXContainerItemProxy;
			containerPortal = C862597528748B7500C61489 /* Project object */;
			proxyType = 1;
			remoteGlobalIDString = C862597C28748B7500C61489;
			remoteInfo = ExpensesTracker;
		};
/* End PBXContainerItemProxy section */

/* Begin PBXFileReference section */
		C862597D28748B7500C61489 /* ExpensesTracker.app */ = {isa = PBXFileReference; explicitFileType = wrapper.application; includeInIndex = 0; path = ExpensesTracker.app; sourceTree = BUILT_PRODUCTS_DIR; };
		C862598028748B7600C61489 /* ExpensesTrackerApp.swift */ = {isa = PBXFileReference; lastKnownFileType = sourcecode.swift; path = ExpensesTrackerApp.swift; sourceTree = "<group>"; };
		C862598228748B7600C61489 /* ContentView.swift */ = {isa = PBXFileReference; lastKnownFileType = sourcecode.swift; path = ContentView.swift; sourceTree = "<group>"; };
		C862598428748B7900C61489 /* Assets.xcassets */ = {isa = PBXFileReference; lastKnownFileType = folder.assetcatalog; path = Assets.xcassets; sourceTree = "<group>"; };
		C862598728748B7900C61489 /* Preview Assets.xcassets */ = {isa = PBXFileReference; lastKnownFileType = folder.assetcatalog; path = "Preview Assets.xcassets"; sourceTree = "<group>"; };
		C862598D28748B7900C61489 /* ExpensesTrackerTests.xctest */ = {isa = PBXFileReference; explicitFileType = wrapper.cfbundle; includeInIndex = 0; path = ExpensesTrackerTests.xctest; sourceTree = BUILT_PRODUCTS_DIR; };
		C862599128748B7900C61489 /* ExpensesTrackerTests.swift */ = {isa = PBXFileReference; lastKnownFileType = sourcecode.swift; path = ExpensesTrackerTests.swift; sourceTree = "<group>"; };
		C862599728748B7900C61489 /* ExpensesTrackerUITests.xctest */ = {isa = PBXFileReference; explicitFileType = wrapper.cfbundle; includeInIndex = 0; path = ExpensesTrackerUITests.xctest; sourceTree = BUILT_PRODUCTS_DIR; };
		C862599B28748B7900C61489 /* ExpensesTrackerUITests.swift */ = {isa = PBXFileReference; lastKnownFileType = sourcecode.swift; path = ExpensesTrackerUITests.swift; sourceTree = "<group>"; };
		C862599D28748B7900C61489 /* ExpensesTrackerUITestsLaunchTests.swift */ = {isa = PBXFileReference; lastKnownFileType = sourcecode.swift; path = ExpensesTrackerUITestsLaunchTests.swift; sourceTree = "<group>"; };
		C86259AA28748E9100C61489 /* Extensions.swift */ = {isa = PBXFileReference; lastKnownFileType = sourcecode.swift; path = Extensions.swift; sourceTree = "<group>"; };
		C86259AC2874923A00C61489 /* TransactionModel.swift */ = {isa = PBXFileReference; lastKnownFileType = sourcecode.swift; path = TransactionModel.swift; sourceTree = "<group>"; };
		C86259AE2874930000C61489 /* PreviewData.swift */ = {isa = PBXFileReference; lastKnownFileType = sourcecode.swift; path = PreviewData.swift; sourceTree = "<group>"; };
		C86259B0287493D000C61489 /* TransactionRow.swift */ = {isa = PBXFileReference; lastKnownFileType = sourcecode.swift; path = TransactionRow.swift; sourceTree = "<group>"; };
		C86259B52875339800C61489 /* TransactionListViewModel.swift */ = {isa = PBXFileReference; lastKnownFileType = sourcecode.swift; path = TransactionListViewModel.swift; sourceTree = "<group>"; };
		C86259B7287537F800C61489 /* DummyData.json */ = {isa = PBXFileReference; lastKnownFileType = text.json; path = DummyData.json; sourceTree = "<group>"; xcLanguageSpecificationIdentifier = xcode.lang.json; };
		C86259BB287576E200C61489 /* RecentTransactionList.swift */ = {isa = PBXFileReference; lastKnownFileType = sourcecode.swift; path = RecentTransactionList.swift; sourceTree = "<group>"; };
		C8E9FD0E28758CB6002B4559 /* TransactionList.swift */ = {isa = PBXFileReference; lastKnownFileType = sourcecode.swift; path = TransactionList.swift; sourceTree = "<group>"; };
/* End PBXFileReference section */

/* Begin PBXFrameworksBuildPhase section */
		C862597A28748B7500C61489 /* Frameworks */ = {
			isa = PBXFrameworksBuildPhase;
			buildActionMask = 2147483647;
			files = (
				C8E9FD15287592E4002B4559 /* SwiftUICharts in Frameworks */,
				C8E9FD12287591EB002B4559 /* Collections in Frameworks */,
				C86259B42875324000C61489 /* SwiftUIFontIcon in Frameworks */,
			);
			runOnlyForDeploymentPostprocessing = 0;
		};
		C862598A28748B7900C61489 /* Frameworks */ = {
			isa = PBXFrameworksBuildPhase;
			buildActionMask = 2147483647;
			files = (
			);
			runOnlyForDeploymentPostprocessing = 0;
		};
		C862599428748B7900C61489 /* Frameworks */ = {
			isa = PBXFrameworksBuildPhase;
			buildActionMask = 2147483647;
			files = (
			);
			runOnlyForDeploymentPostprocessing = 0;
		};
/* End PBXFrameworksBuildPhase section */

/* Begin PBXGroup section */
		C862597428748B7500C61489 = {
			isa = PBXGroup;
			children = (
				C862597F28748B7500C61489 /* ExpensesTracker */,
				C862599028748B7900C61489 /* ExpensesTrackerTests */,
				C862599A28748B7900C61489 /* ExpensesTrackerUITests */,
				C862597E28748B7500C61489 /* Products */,
			);
			sourceTree = "<group>";
		};
		C862597E28748B7500C61489 /* Products */ = {
			isa = PBXGroup;
			children = (
				C862597D28748B7500C61489 /* ExpensesTracker.app */,
				C862598D28748B7900C61489 /* ExpensesTrackerTests.xctest */,
				C862599728748B7900C61489 /* ExpensesTrackerUITests.xctest */,
			);
			name = Products;
			sourceTree = "<group>";
		};
		C862597F28748B7500C61489 /* ExpensesTracker */ = {
			isa = PBXGroup;
			children = (
				C862598028748B7600C61489 /* ExpensesTrackerApp.swift */,
				C862598228748B7600C61489 /* ContentView.swift */,
				C86259B52875339800C61489 /* TransactionListViewModel.swift */,
				C86259BB287576E200C61489 /* RecentTransactionList.swift */,
				C86259B0287493D000C61489 /* TransactionRow.swift */,
				C86259AC2874923A00C61489 /* TransactionModel.swift */,
				C8E9FD0E28758CB6002B4559 /* TransactionList.swift */,
				C86259AA28748E9100C61489 /* Extensions.swift */,
				C86259B7287537F800C61489 /* DummyData.json */,
				C862598428748B7900C61489 /* Assets.xcassets */,
				C862598628748B7900C61489 /* Preview Content */,
			);
			path = ExpensesTracker;
			sourceTree = "<group>";
		};
		C862598628748B7900C61489 /* Preview Content */ = {
			isa = PBXGroup;
			children = (
				C862598728748B7900C61489 /* Preview Assets.xcassets */,
				C86259AE2874930000C61489 /* PreviewData.swift */,
			);
			path = "Preview Content";
			sourceTree = "<group>";
		};
		C862599028748B7900C61489 /* ExpensesTrackerTests */ = {
			isa = PBXGroup;
			children = (
				C862599128748B7900C61489 /* ExpensesTrackerTests.swift */,
			);
			path = ExpensesTrackerTests;
			sourceTree = "<group>";
		};
		C862599A28748B7900C61489 /* ExpensesTrackerUITests */ = {
			isa = PBXGroup;
			children = (
				C862599B28748B7900C61489 /* ExpensesTrackerUITests.swift */,
				C862599D28748B7900C61489 /* ExpensesTrackerUITestsLaunchTests.swift */,
			);
			path = ExpensesTrackerUITests;
			sourceTree = "<group>";
		};
/* End PBXGroup section */

/* Begin PBXNativeTarget section */
		C862597C28748B7500C61489 /* ExpensesTracker */ = {
			isa = PBXNativeTarget;
			buildConfigurationList = C86259A128748B7900C61489 /* Build configuration list for PBXNativeTarget "ExpensesTracker" */;
			buildPhases = (
				C862597928748B7500C61489 /* Sources */,
				C862597A28748B7500C61489 /* Frameworks */,
				C862597B28748B7500C61489 /* Resources */,
			);
			buildRules = (
			);
			dependencies = (
			);
			name = ExpensesTracker;
			packageProductDependencies = (
				C86259B32875324000C61489 /* SwiftUIFontIcon */,
				C8E9FD11287591EB002B4559 /* Collections */,
				C8E9FD14287592E4002B4559 /* SwiftUICharts */,
			);
			productName = ExpensesTracker;
			productReference = C862597D28748B7500C61489 /* ExpensesTracker.app */;
			productType = "com.apple.product-type.application";
		};
		C862598C28748B7900C61489 /* ExpensesTrackerTests */ = {
			isa = PBXNativeTarget;
			buildConfigurationList = C86259A428748B7900C61489 /* Build configuration list for PBXNativeTarget "ExpensesTrackerTests" */;
			buildPhases = (
				C862598928748B7900C61489 /* Sources */,
				C862598A28748B7900C61489 /* Frameworks */,
				C862598B28748B7900C61489 /* Resources */,
			);
			buildRules = (
			);
			dependencies = (
				C862598F28748B7900C61489 /* PBXTargetDependency */,
			);
			name = ExpensesTrackerTests;
			productName = ExpensesTrackerTests;
			productReference = C862598D28748B7900C61489 /* ExpensesTrackerTests.xctest */;
			productType = "com.apple.product-type.bundle.unit-test";
		};
		C862599628748B7900C61489 /* ExpensesTrackerUITests */ = {
			isa = PBXNativeTarget;
			buildConfigurationList = C86259A728748B7900C61489 /* Build configuration list for PBXNativeTarget "ExpensesTrackerUITests" */;
			buildPhases = (
				C862599328748B7900C61489 /* Sources */,
				C862599428748B7900C61489 /* Frameworks */,
				C862599528748B7900C61489 /* Resources */,
			);
			buildRules = (
			);
			dependencies = (
				C862599928748B7900C61489 /* PBXTargetDependency */,
			);
			name = ExpensesTrackerUITests;
			productName = ExpensesTrackerUITests;
			productReference = C862599728748B7900C61489 /* ExpensesTrackerUITests.xctest */;
			productType = "com.apple.product-type.bundle.ui-testing";
		};
/* End PBXNativeTarget section */

/* Begin PBXProject section */
		C862597528748B7500C61489 /* Project object */ = {
			isa = PBXProject;
			attributes = {
				BuildIndependentTargetsInParallel = 1;
				LastSwiftUpdateCheck = 1340;
				LastUpgradeCheck = 1340;
				TargetAttributes = {
					C862597C28748B7500C61489 = {
						CreatedOnToolsVersion = 13.4.1;
					};
					C862598C28748B7900C61489 = {
						CreatedOnToolsVersion = 13.4.1;
						TestTargetID = C862597C28748B7500C61489;
					};
					C862599628748B7900C61489 = {
						CreatedOnToolsVersion = 13.4.1;
						TestTargetID = C862597C28748B7500C61489;
					};
				};
			};
			buildConfigurationList = C862597828748B7500C61489 /* Build configuration list for PBXProject "ExpensesTracker" */;
			compatibilityVersion = "Xcode 13.0";
			developmentRegion = en;
			hasScannedForEncodings = 0;
			knownRegions = (
				en,
				Base,
			);
			mainGroup = C862597428748B7500C61489;
			packageReferences = (
				C86259B22875324000C61489 /* XCRemoteSwiftPackageReference "swiftuifonticon" */,
				C8E9FD10287591EB002B4559 /* XCRemoteSwiftPackageReference "swift-collections" */,
				C8E9FD13287592E4002B4559 /* XCRemoteSwiftPackageReference "ChartView" */,
			);
			productRefGroup = C862597E28748B7500C61489 /* Products */;
			projectDirPath = "";
			projectRoot = "";
			targets = (
				C862597C28748B7500C61489 /* ExpensesTracker */,
				C862598C28748B7900C61489 /* ExpensesTrackerTests */,
				C862599628748B7900C61489 /* ExpensesTrackerUITests */,
			);
		};
/* End PBXProject section */

/* Begin PBXResourcesBuildPhase section */
		C862597B28748B7500C61489 /* Resources */ = {
			isa = PBXResourcesBuildPhase;
			buildActionMask = 2147483647;
			files = (
				C862598828748B7900C61489 /* Preview Assets.xcassets in Resources */,
				C862598528748B7900C61489 /* Assets.xcassets in Resources */,
				C86259B8287537F800C61489 /* DummyData.json in Resources */,
			);
			runOnlyForDeploymentPostprocessing = 0;
		};
		C862598B28748B7900C61489 /* Resources */ = {
			isa = PBXResourcesBuildPhase;
			buildActionMask = 2147483647;
			files = (
			);
			runOnlyForDeploymentPostprocessing = 0;
		};
		C862599528748B7900C61489 /* Resources */ = {
			isa = PBXResourcesBuildPhase;
			buildActionMask = 2147483647;
			files = (
			);
			runOnlyForDeploymentPostprocessing = 0;
		};
/* End PBXResourcesBuildPhase section */

/* Begin PBXSourcesBuildPhase section */
		C862597928748B7500C61489 /* Sources */ = {
			isa = PBXSourcesBuildPhase;
			buildActionMask = 2147483647;
			files = (
				C86259AF2874930000C61489 /* PreviewData.swift in Sources */,
				C8E9FD0F28758CB6002B4559 /* TransactionList.swift in Sources */,
				C86259BC287576E200C61489 /* RecentTransactionList.swift in Sources */,
				C86259AD2874923A00C61489 /* TransactionModel.swift in Sources */,
				C862598328748B7600C61489 /* ContentView.swift in Sources */,
				C86259B1287493D000C61489 /* TransactionRow.swift in Sources */,
				C86259AB28748E9100C61489 /* Extensions.swift in Sources */,
				C86259B62875339800C61489 /* TransactionListViewModel.swift in Sources */,
				C862598128748B7600C61489 /* ExpensesTrackerApp.swift in Sources */,
			);
			runOnlyForDeploymentPostprocessing = 0;
		};
		C862598928748B7900C61489 /* Sources */ = {
			isa = PBXSourcesBuildPhase;
			buildActionMask = 2147483647;
			files = (
				C862599228748B7900C61489 /* ExpensesTrackerTests.swift in Sources */,
			);
			runOnlyForDeploymentPostprocessing = 0;
		};
		C862599328748B7900C61489 /* Sources */ = {
			isa = PBXSourcesBuildPhase;
			buildActionMask = 2147483647;
			files = (
				C862599E28748B7900C61489 /* ExpensesTrackerUITestsLaunchTests.swift in Sources */,
				C862599C28748B7900C61489 /* ExpensesTrackerUITests.swift in Sources */,
			);
			runOnlyForDeploymentPostprocessing = 0;
		};
/* End PBXSourcesBuildPhase section */

/* Begin PBXTargetDependency section */
		C862598F28748B7900C61489 /* PBXTargetDependency */ = {
			isa = PBXTargetDependency;
			target = C862597C28748B7500C61489 /* ExpensesTracker */;
			targetProxy = C862598E28748B7900C61489 /* PBXContainerItemProxy */;
		};
		C862599928748B7900C61489 /* PBXTargetDependency */ = {
			isa = PBXTargetDependency;
			target = C862597C28748B7500C61489 /* ExpensesTracker */;
			targetProxy = C862599828748B7900C61489 /* PBXContainerItemProxy */;
		};
/* End PBXTargetDependency section */

/* Begin XCBuildConfiguration section */
		C862599F28748B7900C61489 /* Debug */ = {
			isa = XCBuildConfiguration;
			buildSettings = {
				ALWAYS_SEARCH_USER_PATHS = NO;
				CLANG_ANALYZER_NONNULL = YES;
				CLANG_ANALYZER_NUMBER_OBJECT_CONVERSION = YES_AGGRESSIVE;
				CLANG_CXX_LANGUAGE_STANDARD = "gnu++17";
				CLANG_ENABLE_MODULES = YES;
				CLANG_ENABLE_OBJC_ARC = YES;
				CLANG_ENABLE_OBJC_WEAK = YES;
				CLANG_WARN_BLOCK_CAPTURE_AUTORELEASING = YES;
				CLANG_WARN_BOOL_CONVERSION = YES;
				CLANG_WARN_COMMA = YES;
				CLANG_WARN_CONSTANT_CONVERSION = YES;
				CLANG_WARN_DEPRECATED_OBJC_IMPLEMENTATIONS = YES;
				CLANG_WARN_DIRECT_OBJC_ISA_USAGE = YES_ERROR;
				CLANG_WARN_DOCUMENTATION_COMMENTS = YES;
				CLANG_WARN_EMPTY_BODY = YES;
				CLANG_WARN_ENUM_CONVERSION = YES;
				CLANG_WARN_INFINITE_RECURSION = YES;
				CLANG_WARN_INT_CONVERSION = YES;
				CLANG_WARN_NON_LITERAL_NULL_CONVERSION = YES;
				CLANG_WARN_OBJC_IMPLICIT_RETAIN_SELF = YES;
				CLANG_WARN_OBJC_LITERAL_CONVERSION = YES;
				CLANG_WARN_OBJC_ROOT_CLASS = YES_ERROR;
				CLANG_WARN_QUOTED_INCLUDE_IN_FRAMEWORK_HEADER = YES;
				CLANG_WARN_RANGE_LOOP_ANALYSIS = YES;
				CLANG_WARN_STRICT_PROTOTYPES = YES;
				CLANG_WARN_SUSPICIOUS_MOVE = YES;
				CLANG_WARN_UNGUARDED_AVAILABILITY = YES_AGGRESSIVE;
				CLANG_WARN_UNREACHABLE_CODE = YES;
				CLANG_WARN__DUPLICATE_METHOD_MATCH = YES;
				COPY_PHASE_STRIP = NO;
				DEBUG_INFORMATION_FORMAT = dwarf;
				ENABLE_STRICT_OBJC_MSGSEND = YES;
				ENABLE_TESTABILITY = YES;
				GCC_C_LANGUAGE_STANDARD = gnu11;
				GCC_DYNAMIC_NO_PIC = NO;
				GCC_NO_COMMON_BLOCKS = YES;
				GCC_OPTIMIZATION_LEVEL = 0;
				GCC_PREPROCESSOR_DEFINITIONS = (
					"DEBUG=1",
					"$(inherited)",
				);
				GCC_WARN_64_TO_32_BIT_CONVERSION = YES;
				GCC_WARN_ABOUT_RETURN_TYPE = YES_ERROR;
				GCC_WARN_UNDECLARED_SELECTOR = YES;
				GCC_WARN_UNINITIALIZED_AUTOS = YES_AGGRESSIVE;
				GCC_WARN_UNUSED_FUNCTION = YES;
				GCC_WARN_UNUSED_VARIABLE = YES;
				IPHONEOS_DEPLOYMENT_TARGET = 15.5;
				MTL_ENABLE_DEBUG_INFO = INCLUDE_SOURCE;
				MTL_FAST_MATH = YES;
				ONLY_ACTIVE_ARCH = YES;
				SDKROOT = iphoneos;
				SWIFT_ACTIVE_COMPILATION_CONDITIONS = DEBUG;
				SWIFT_OPTIMIZATION_LEVEL = "-Onone";
			};
			name = Debug;
		};
		C86259A028748B7900C61489 /* Release */ = {
			isa = XCBuildConfiguration;
			buildSettings = {
				ALWAYS_SEARCH_USER_PATHS = NO;
				CLANG_ANALYZER_NONNULL = YES;
				CLANG_ANALYZER_NUMBER_OBJECT_CONVERSION = YES_AGGRESSIVE;
				CLANG_CXX_LANGUAGE_STANDARD = "gnu++17";
				CLANG_ENABLE_MODULES = YES;
				CLANG_ENABLE_OBJC_ARC = YES;
				CLANG_ENABLE_OBJC_WEAK = YES;
				CLANG_WARN_BLOCK_CAPTURE_AUTORELEASING = YES;
				CLANG_WARN_BOOL_CONVERSION = YES;
				CLANG_WARN_COMMA = YES;
				CLANG_WARN_CONSTANT_CONVERSION = YES;
				CLANG_WARN_DEPRECATED_OBJC_IMPLEMENTATIONS = YES;
				CLANG_WARN_DIRECT_OBJC_ISA_USAGE = YES_ERROR;
				CLANG_WARN_DOCUMENTATION_COMMENTS = YES;
				CLANG_WARN_EMPTY_BODY = YES;
				CLANG_WARN_ENUM_CONVERSION = YES;
				CLANG_WARN_INFINITE_RECURSION = YES;
				CLANG_WARN_INT_CONVERSION = YES;
				CLANG_WARN_NON_LITERAL_NULL_CONVERSION = YES;
				CLANG_WARN_OBJC_IMPLICIT_RETAIN_SELF = YES;
				CLANG_WARN_OBJC_LITERAL_CONVERSION = YES;
				CLANG_WARN_OBJC_ROOT_CLASS = YES_ERROR;
				CLANG_WARN_QUOTED_INCLUDE_IN_FRAMEWORK_HEADER = YES;
				CLANG_WARN_RANGE_LOOP_ANALYSIS = YES;
				CLANG_WARN_STRICT_PROTOTYPES = YES;
				CLANG_WARN_SUSPICIOUS_MOVE = YES;
				CLANG_WARN_UNGUARDED_AVAILABILITY = YES_AGGRESSIVE;
				CLANG_WARN_UNREACHABLE_CODE = YES;
				CLANG_WARN__DUPLICATE_METHOD_MATCH = YES;
				COPY_PHASE_STRIP = NO;
				DEBUG_INFORMATION_FORMAT = "dwarf-with-dsym";
				ENABLE_NS_ASSERTIONS = NO;
				ENABLE_STRICT_OBJC_MSGSEND = YES;
				GCC_C_LANGUAGE_STANDARD = gnu11;
				GCC_NO_COMMON_BLOCKS = YES;
				GCC_WARN_64_TO_32_BIT_CONVERSION = YES;
				GCC_WARN_ABOUT_RETURN_TYPE = YES_ERROR;
				GCC_WARN_UNDECLARED_SELECTOR = YES;
				GCC_WARN_UNINITIALIZED_AUTOS = YES_AGGRESSIVE;
				GCC_WARN_UNUSED_FUNCTION = YES;
				GCC_WARN_UNUSED_VARIABLE = YES;
				IPHONEOS_DEPLOYMENT_TARGET = 15.5;
				MTL_ENABLE_DEBUG_INFO = NO;
				MTL_FAST_MATH = YES;
				SDKROOT = iphoneos;
				SWIFT_COMPILATION_MODE = wholemodule;
				SWIFT_OPTIMIZATION_LEVEL = "-O";
				VALIDATE_PRODUCT = YES;
			};
			name = Release;
		};
		C86259A228748B7900C61489 /* Debug */ = {
			isa = XCBuildConfiguration;
			buildSettings = {
				ASSETCATALOG_COMPILER_APPICON_NAME = AppIcon;
				ASSETCATALOG_COMPILER_GLOBAL_ACCENT_COLOR_NAME = AccentColor;
				CODE_SIGN_STYLE = Automatic;
				CURRENT_PROJECT_VERSION = 1;
				DEVELOPMENT_ASSET_PATHS = "\"ExpensesTracker/Preview Content\"";
				ENABLE_PREVIEWS = YES;
				GENERATE_INFOPLIST_FILE = YES;
				INFOPLIST_KEY_UIApplicationSceneManifest_Generation = YES;
				INFOPLIST_KEY_UIApplicationSupportsIndirectInputEvents = YES;
				INFOPLIST_KEY_UILaunchScreen_Generation = YES;
				INFOPLIST_KEY_UISupportedInterfaceOrientations_iPad = "UIInterfaceOrientationPortrait UIInterfaceOrientationPortraitUpsideDown UIInterfaceOrientationLandscapeLeft UIInterfaceOrientationLandscapeRight";
				INFOPLIST_KEY_UISupportedInterfaceOrientations_iPhone = "UIInterfaceOrientationPortrait UIInterfaceOrientationLandscapeLeft UIInterfaceOrientationLandscapeRight";
				LD_RUNPATH_SEARCH_PATHS = (
					"$(inherited)",
					"@executable_path/Frameworks",
				);
				MARKETING_VERSION = 1.0;
				PRODUCT_BUNDLE_IDENTIFIER = wilsonkerk.ExpensesTracker;
				PRODUCT_NAME = "$(TARGET_NAME)";
				SWIFT_EMIT_LOC_STRINGS = YES;
				SWIFT_VERSION = 5.0;
				TARGETED_DEVICE_FAMILY = "1,2";
			};
			name = Debug;
		};
		C86259A328748B7900C61489 /* Release */ = {
			isa = XCBuildConfiguration;
			buildSettings = {
				ASSETCATALOG_COMPILER_APPICON_NAME = AppIcon;
				ASSETCATALOG_COMPILER_GLOBAL_ACCENT_COLOR_NAME = AccentColor;
				CODE_SIGN_STYLE = Automatic;
				CURRENT_PROJECT_VERSION = 1;
				DEVELOPMENT_ASSET_PATHS = "\"ExpensesTracker/Preview Content\"";
				ENABLE_PREVIEWS = YES;
				GENERATE_INFOPLIST_FILE = YES;
				INFOPLIST_KEY_UIApplicationSceneManifest_Generation = YES;
				INFOPLIST_KEY_UIApplicationSupportsIndirectInputEvents = YES;
				INFOPLIST_KEY_UILaunchScreen_Generation = YES;
				INFOPLIST_KEY_UISupportedInterfaceOrientations_iPad = "UIInterfaceOrientationPortrait UIInterfaceOrientationPortraitUpsideDown UIInterfaceOrientationLandscapeLeft UIInterfaceOrientationLandscapeRight";
				INFOPLIST_KEY_UISupportedInterfaceOrientations_iPhone = "UIInterfaceOrientationPortrait UIInterfaceOrientationLandscapeLeft UIInterfaceOrientationLandscapeRight";
				LD_RUNPATH_SEARCH_PATHS = (
					"$(inherited)",
					"@executable_path/Frameworks",
				);
				MARKETING_VERSION = 1.0;
				PRODUCT_BUNDLE_IDENTIFIER = wilsonkerk.ExpensesTracker;
				PRODUCT_NAME = "$(TARGET_NAME)";
				SWIFT_EMIT_LOC_STRINGS = YES;
				SWIFT_VERSION = 5.0;
				TARGETED_DEVICE_FAMILY = "1,2";
			};
			name = Release;
		};
		C86259A528748B7900C61489 /* Debug */ = {
			isa = XCBuildConfiguration;
			buildSettings = {
				ALWAYS_EMBED_SWIFT_STANDARD_LIBRARIES = YES;
				BUNDLE_LOADER = "$(TEST_HOST)";
				CODE_SIGN_STYLE = Automatic;
				CURRENT_PROJECT_VERSION = 1;
				GENERATE_INFOPLIST_FILE = YES;
				IPHONEOS_DEPLOYMENT_TARGET = 15.5;
				MARKETING_VERSION = 1.0;
				PRODUCT_BUNDLE_IDENTIFIER = wilsonkerk.ExpensesTrackerTests;
				PRODUCT_NAME = "$(TARGET_NAME)";
				SWIFT_EMIT_LOC_STRINGS = NO;
				SWIFT_VERSION = 5.0;
				TARGETED_DEVICE_FAMILY = "1,2";
				TEST_HOST = "$(BUILT_PRODUCTS_DIR)/ExpensesTracker.app/ExpensesTracker";
			};
			name = Debug;
		};
		C86259A628748B7900C61489 /* Release */ = {
			isa = XCBuildConfiguration;
			buildSettings = {
				ALWAYS_EMBED_SWIFT_STANDARD_LIBRARIES = YES;
				BUNDLE_LOADER = "$(TEST_HOST)";
				CODE_SIGN_STYLE = Automatic;
				CURRENT_PROJECT_VERSION = 1;
				GENERATE_INFOPLIST_FILE = YES;
				IPHONEOS_DEPLOYMENT_TARGET = 15.5;
				MARKETING_VERSION = 1.0;
				PRODUCT_BUNDLE_IDENTIFIER = wilsonkerk.ExpensesTrackerTests;
				PRODUCT_NAME = "$(TARGET_NAME)";
				SWIFT_EMIT_LOC_STRINGS = NO;
				SWIFT_VERSION = 5.0;
				TARGETED_DEVICE_FAMILY = "1,2";
				TEST_HOST = "$(BUILT_PRODUCTS_DIR)/ExpensesTracker.app/ExpensesTracker";
			};
			name = Release;
		};
		C86259A828748B7900C61489 /* Debug */ = {
			isa = XCBuildConfiguration;
			buildSettings = {
				ALWAYS_EMBED_SWIFT_STANDARD_LIBRARIES = YES;
				CODE_SIGN_STYLE = Automatic;
				CURRENT_PROJECT_VERSION = 1;
				GENERATE_INFOPLIST_FILE = YES;
				MARKETING_VERSION = 1.0;
				PRODUCT_BUNDLE_IDENTIFIER = wilsonkerk.ExpensesTrackerUITests;
				PRODUCT_NAME = "$(TARGET_NAME)";
				SWIFT_EMIT_LOC_STRINGS = NO;
				SWIFT_VERSION = 5.0;
				TARGETED_DEVICE_FAMILY = "1,2";
				TEST_TARGET_NAME = ExpensesTracker;
			};
			name = Debug;
		};
		C86259A928748B7900C61489 /* Release */ = {
			isa = XCBuildConfiguration;
			buildSettings = {
				ALWAYS_EMBED_SWIFT_STANDARD_LIBRARIES = YES;
				CODE_SIGN_STYLE = Automatic;
				CURRENT_PROJECT_VERSION = 1;
				GENERATE_INFOPLIST_FILE = YES;
				MARKETING_VERSION = 1.0;
				PRODUCT_BUNDLE_IDENTIFIER = wilsonkerk.ExpensesTrackerUITests;
				PRODUCT_NAME = "$(TARGET_NAME)";
				SWIFT_EMIT_LOC_STRINGS = NO;
				SWIFT_VERSION = 5.0;
				TARGETED_DEVICE_FAMILY = "1,2";
				TEST_TARGET_NAME = ExpensesTracker;
			};
			name = Release;
		};
/* End XCBuildConfiguration section */

/* Begin XCConfigurationList section */
		C862597828748B7500C61489 /* Build configuration list for PBXProject "ExpensesTracker" */ = {
			isa = XCConfigurationList;
			buildConfigurations = (
				C862599F28748B7900C61489 /* Debug */,
				C86259A028748B7900C61489 /* Release */,
			);
			defaultConfigurationIsVisible = 0;
			defaultConfigurationName = Release;
		};
		C86259A128748B7900C61489 /* Build configuration list for PBXNativeTarget "ExpensesTracker" */ = {
			isa = XCConfigurationList;
			buildConfigurations = (
				C86259A228748B7900C61489 /* Debug */,
				C86259A328748B7900C61489 /* Release */,
			);
			defaultConfigurationIsVisible = 0;
			defaultConfigurationName = Release;
		};
		C86259A428748B7900C61489 /* Build configuration list for PBXNativeTarget "ExpensesTrackerTests" */ = {
			isa = XCConfigurationList;
			buildConfigurations = (
				C86259A528748B7900C61489 /* Debug */,
				C86259A628748B7900C61489 /* Release */,
			);
			defaultConfigurationIsVisible = 0;
			defaultConfigurationName = Release;
		};
		C86259A728748B7900C61489 /* Build configuration list for PBXNativeTarget "ExpensesTrackerUITests" */ = {
			isa = XCConfigurationList;
			buildConfigurations = (
				C86259A828748B7900C61489 /* Debug */,
				C86259A928748B7900C61489 /* Release */,
			);
			defaultConfigurationIsVisible = 0;
			defaultConfigurationName = Release;
		};
/* End XCConfigurationList section */

/* Begin XCRemoteSwiftPackageReference section */
		C86259B22875324000C61489 /* XCRemoteSwiftPackageReference "swiftuifonticon" */ = {
			isa = XCRemoteSwiftPackageReference;
			repositoryURL = "https://github.com/huybuidac/swiftuifonticon";
			requirement = {
				branch = master;
				kind = branch;
			};
		};
		C8E9FD10287591EB002B4559 /* XCRemoteSwiftPackageReference "swift-collections" */ = {
			isa = XCRemoteSwiftPackageReference;
			repositoryURL = "https://github.com/apple/swift-collections.git";
			requirement = {
				kind = upToNextMajorVersion;
				minimumVersion = 1.0.2;
			};
		};
		C8E9FD13287592E4002B4559 /* XCRemoteSwiftPackageReference "ChartView" */ = {
			isa = XCRemoteSwiftPackageReference;
			repositoryURL = "https://github.com/AppPear/ChartView";
			requirement = {
				kind = exactVersion;
				version = "2.0.0-beta.2";
			};
		};
/* End XCRemoteSwiftPackageReference section */

/* Begin XCSwiftPackageProductDependency section */
		C86259B32875324000C61489 /* SwiftUIFontIcon */ = {
			isa = XCSwiftPackageProductDependency;
			package = C86259B22875324000C61489 /* XCRemoteSwiftPackageReference "swiftuifonticon" */;
			productName = SwiftUIFontIcon;
		};
		C8E9FD11287591EB002B4559 /* Collections */ = {
			isa = XCSwiftPackageProductDependency;
			package = C8E9FD10287591EB002B4559 /* XCRemoteSwiftPackageReference "swift-collections" */;
			productName = Collections;
		};
		C8E9FD14287592E4002B4559 /* SwiftUICharts */ = {
			isa = XCSwiftPackageProductDependency;
			package = C8E9FD13287592E4002B4559 /* XCRemoteSwiftPackageReference "ChartView" */;
			productName = SwiftUICharts;
		};
/* End XCSwiftPackageProductDependency section */
	};
	rootObject = C862597528748B7500C61489 /* Project object */;
}
